
Microsoft Visual Studio Solution File, Format Version 12.00
# Visual Studio Version 16
VisualStudioVersion = 16.0.29306.81
MinimumVisualStudioVersion = 10.0.40219.1
Project("{FAE04EC0-301F-11D3-BF4B-00C04F79EFBC}") = "chess", "chess\chess.csproj", "{2F03B597-0916-4443-9E93-8F381CCDE005}"
EndProject
Global
	GlobalSection(SolutionConfigurationPlatforms) = preSolution
		Debug|Any CPU = Debug|Any CPU
		Release|Any CPU = Release|Any CPU
	EndGlobalSection
	GlobalSection(ProjectConfigurationPlatforms) = postSolution
		{2F03B597-0916-4443-9E93-8F381CCDE005}.Debug|Any CPU.ActiveCfg = Debug|Any CPU
		{2F03B597-0916-4443-9E93-8F381CCDE005}.Debug|Any CPU.Build.0 = Debug|Any CPU
		{2F03B597-0916-4443-9E93-8F381CCDE005}.Release|Any CPU.ActiveCfg = Release|Any CPU
		{2F03B597-0916-4443-9E93-8F381CCDE005}.Release|Any CPU.Build.0 = Release|Any CPU
	EndGlobalSection
	GlobalSection(SolutionProperties) = preSolution
		HideSolutionNode = FALSE
	EndGlobalSection
	GlobalSection(ExtensibilityGlobals) = postSolution
		SolutionGuid = {C2B7AF35-F02E-4BDF-A128-B12ECF2B8A9D}
	EndGlobalSection
EndGlobal
